
Microsoft Visual Studio Solution File, Format Version 12.00
# Visual Studio 14
VisualStudioVersion = 14.0.23107.0
MinimumVisualStudioVersion = 10.0.40219.1
Project("{FAE04EC0-301F-11D3-BF4B-00C04F79EFBC}") = "LeaveManager - WithLogin", "LeaveManager - WithLogin\LeaveManager - WithLogin.csproj", "{86BD00E1-7324-4F8E-AC0E-C93C3D12C309}"
EndProject
Project("{FAE04EC0-301F-11D3-BF4B-00C04F79EFBC}") = "LeaveManager - WithLogin.Tests", "LeaveManager - WithLogin.Tests\LeaveManager - WithLogin.Tests.csproj", "{279F9BF6-AA9B-4B0B-A441-32758E546380}"
EndProject
Global
	GlobalSection(SolutionConfigurationPlatforms) = preSolution
		Debug|Any CPU = Debug|Any CPU
		Release|Any CPU = Release|Any CPU
	EndGlobalSection
	GlobalSection(ProjectConfigurationPlatforms) = postSolution
		{86BD00E1-7324-4F8E-AC0E-C93C3D12C309}.Debug|Any CPU.ActiveCfg = Debug|Any CPU
		{86BD00E1-7324-4F8E-AC0E-C93C3D12C309}.Debug|Any CPU.Build.0 = Debug|Any CPU
		{86BD00E1-7324-4F8E-AC0E-C93C3D12C309}.Release|Any CPU.ActiveCfg = Release|Any CPU
		{86BD00E1-7324-4F8E-AC0E-C93C3D12C309}.Release|Any CPU.Build.0 = Release|Any CPU
		{279F9BF6-AA9B-4B0B-A441-32758E546380}.Debug|Any CPU.ActiveCfg = Debug|Any CPU
		{279F9BF6-AA9B-4B0B-A441-32758E546380}.Debug|Any CPU.Build.0 = Debug|Any CPU
		{279F9BF6-AA9B-4B0B-A441-32758E546380}.Release|Any CPU.ActiveCfg = Release|Any CPU
		{279F9BF6-AA9B-4B0B-A441-32758E546380}.Release|Any CPU.Build.0 = Release|Any CPU
	EndGlobalSection
	GlobalSection(SolutionProperties) = preSolution
		HideSolutionNode = FALSE
	EndGlobalSection
EndGlobal
